PODS:
  - IQKeyboardManagerSwift (6.5.6)
  - JGProgressHUD (2.2)
  - Kingfisher (5.9.0):
    - Kingfisher/Core (= 5.9.0)
  - Kingfisher/Core (5.9.0)
  - MJRefresh (3.5.0)
  - SwiftLint (0.43.1)

DEPENDENCIES:
  - IQKeyboardManagerSwift
  - JGProgressHUD
  - Kingfisher (= 5.9.0)
  - MJRefresh
  - SwiftLint

SPEC REPOS:
  trunk:
    - IQKeyboardManagerSwift
    - JGProgressHUD
    - Kingfisher
    - MJRefresh
    - SwiftLint

SPEC CHECKSUMS:
  IQKeyboardManagerSwift: c7df9d2deb356c04522f5c4b7b6e4ce4d8ed94fe
  JGProgressHUD: d83d7a981b85d11205e19ff8ad5bb9c40571c847
  Kingfisher: ff98240aebb7302bdc4f1ecd701761030ce18b16
  MJRefresh: 6afc955813966afb08305477dd7a0d9ad5e79a16
  SwiftLint: 99f82d07b837b942dd563c668de129a03fc3fb52

PODFILE CHECKSUM: 4054d7c9a6aea81d95a0353fe9df56dd66f0e1da

COCOAPODS: 1.10.1
