// !$*UTF8*$!
{
	archiveVersion = 1;
	classes = {
	};
	objectVersion = 51;
	objects = {

/* Begin PBXBuildFile section */
		6922503B8ADC0F9B96D5D3AF /* Pods_eCommunicationBook.framework in Frameworks */ = {isa = PBXBuildFile; fileRef = CD9B88A5E13D6C0F367FA6EE /* Pods_eCommunicationBook.framework */; };
		741FAC85264CD77200D5C34B /* ChatRoomPage.storyboard in Resources */ = {isa = PBXBuildFile; fileRef = 741FAC7D264CD77200D5C34B /* ChatRoomPage.storyboard */; };
		741FAC86264CD77200D5C34B /* AccountPage.storyboard in Resources */ = {isa = PBXBuildFile; fileRef = 741FAC7F264CD77200D5C34B /* AccountPage.storyboard */; };
		741FAC87264CD77200D5C34B /* HomePage.storyboard in Resources */ = {isa = PBXBuildFile; fileRef = 741FAC81264CD77200D5C34B /* HomePage.storyboard */; };
		741FAC88264CD77200D5C34B /* CalendarPage.storyboard in Resources */ = {isa = PBXBuildFile; fileRef = 741FAC83264CD77200D5C34B /* CalendarPage.storyboard */; };
		745147CA264CDE8000172419 /* ServiceTableViewCell.swift in Sources */ = {isa = PBXBuildFile; fileRef = 745147C9264CDE8000172419 /* ServiceTableViewCell.swift */; };
		745147CD264CE03200172419 /* ServiceViewModel.swift in Sources */ = {isa = PBXBuildFile; fileRef = 745147CC264CE03100172419 /* ServiceViewModel.swift */; };
		745147D2264CEF0000172419 /* Service.swift in Sources */ = {isa = PBXBuildFile; fileRef = 745147D1264CEF0000172419 /* Service.swift */; };
		745147D5264CF76E00172419 /* AccountPageViewController.swift in Sources */ = {isa = PBXBuildFile; fileRef = 745147D4264CF76E00172419 /* AccountPageViewController.swift */; };
		745147DE264D381800172419 /* ChatRoomViewModel.swift in Sources */ = {isa = PBXBuildFile; fileRef = 745147DD264D381800172419 /* ChatRoomViewModel.swift */; };
		745147E0264D386700172419 /* ChatRoom.swift in Sources */ = {isa = PBXBuildFile; fileRef = 745147DF264D386700172419 /* ChatRoom.swift */; };
		745147E2264D389D00172419 /* Message.swift in Sources */ = {isa = PBXBuildFile; fileRef = 745147E1264D389D00172419 /* Message.swift */; };
		745147E4264D3CF400172419 /* ChatRoomPageViewModel.swift in Sources */ = {isa = PBXBuildFile; fileRef = 745147E3264D3CF400172419 /* ChatRoomPageViewModel.swift */; };
		745147E6264D3F5E00172419 /* ChatRoomPageViewController.swift in Sources */ = {isa = PBXBuildFile; fileRef = 745147E5264D3F5E00172419 /* ChatRoomPageViewController.swift */; };
		745147E8264D431000172419 /* ChatRoomTableViewCell.swift in Sources */ = {isa = PBXBuildFile; fileRef = 745147E7264D431000172419 /* ChatRoomTableViewCell.swift */; };
		745147EC264D56EE00172419 /* GoogleService-Info.plist in Resources */ = {isa = PBXBuildFile; fileRef = 745147EA264D510400172419 /* GoogleService-Info.plist */; };
		74C23766264BB5FE001BF47A /* AppDelegate.swift in Sources */ = {isa = PBXBuildFile; fileRef = 74C23765264BB5FE001BF47A /* AppDelegate.swift */; };
		74C23768264BB5FE001BF47A /* SceneDelegate.swift in Sources */ = {isa = PBXBuildFile; fileRef = 74C23767264BB5FE001BF47A /* SceneDelegate.swift */; };
		74C2376A264BB5FE001BF47A /* ViewController.swift in Sources */ = {isa = PBXBuildFile; fileRef = 74C23769264BB5FE001BF47A /* ViewController.swift */; };
		74C2376D264BB5FE001BF47A /* Main.storyboard in Resources */ = {isa = PBXBuildFile; fileRef = 74C2376B264BB5FE001BF47A /* Main.storyboard */; };
		74C2376F264BB5FF001BF47A /* Assets.xcassets in Resources */ = {isa = PBXBuildFile; fileRef = 74C2376E264BB5FF001BF47A /* Assets.xcassets */; };
		74C23772264BB5FF001BF47A /* LaunchScreen.storyboard in Resources */ = {isa = PBXBuildFile; fileRef = 74C23770264BB5FF001BF47A /* LaunchScreen.storyboard */; };
		74E94735264BE09500AFB046 /* UserManager.swift in Sources */ = {isa = PBXBuildFile; fileRef = 74E94729264BE09500AFB046 /* UserManager.swift */; };
		74E94736264BE09500AFB046 /* XXXManager.swift in Sources */ = {isa = PBXBuildFile; fileRef = 74E9472A264BE09500AFB046 /* XXXManager.swift */; };
		74E94737264BE09500AFB046 /* Author.swift in Sources */ = {isa = PBXBuildFile; fileRef = 74E9472C264BE09500AFB046 /* Author.swift */; };
		74E94738264BE09500AFB046 /* Article.swift in Sources */ = {isa = PBXBuildFile; fileRef = 74E9472D264BE09500AFB046 /* Article.swift */; };
		74E9473B264BE09500AFB046 /* DateHelper.swift in Sources */ = {isa = PBXBuildFile; fileRef = 74E94731264BE09500AFB046 /* DateHelper.swift */; };
		74E9473C264BE09500AFB046 /* Box.swift in Sources */ = {isa = PBXBuildFile; fileRef = 74E94733264BE09500AFB046 /* Box.swift */; };
		74E9473D264BE09500AFB046 /* PaddingableUILabel.swift in Sources */ = {isa = PBXBuildFile; fileRef = 74E94734264BE09500AFB046 /* PaddingableUILabel.swift */; };
		74E94751264C087D00AFB046 /* UIFont+Extension.swift in Sources */ = {isa = PBXBuildFile; fileRef = 74E9473F264C087D00AFB046 /* UIFont+Extension.swift */; };
		74E94752264C087D00AFB046 /* UIColor+Extension.swift in Sources */ = {isa = PBXBuildFile; fileRef = 74E94740264C087D00AFB046 /* UIColor+Extension.swift */; };
		74E94753264C087D00AFB046 /* Int+Extension.swift in Sources */ = {isa = PBXBuildFile; fileRef = 74E94741264C087D00AFB046 /* Int+Extension.swift */; };
		74E94755264C087D00AFB046 /* UIView+Extension.swift in Sources */ = {isa = PBXBuildFile; fileRef = 74E94743264C087D00AFB046 /* UIView+Extension.swift */; };
		74E94756264C087D00AFB046 /* UIImage+Extension.swift in Sources */ = {isa = PBXBuildFile; fileRef = 74E94744264C087D00AFB046 /* UIImage+Extension.swift */; };
		74E94757264C087D00AFB046 /* Bundle+Extension.swift in Sources */ = {isa = PBXBuildFile; fileRef = 74E94745264C087D00AFB046 /* Bundle+Extension.swift */; };
		74E94759264C087D00AFB046 /* String+Extension.swift in Sources */ = {isa = PBXBuildFile; fileRef = 74E94747264C087D00AFB046 /* String+Extension.swift */; };
		74E9475A264C087D00AFB046 /* UIStoryboard+Extension.swift in Sources */ = {isa = PBXBuildFile; fileRef = 74E94748264C087D00AFB046 /* UIStoryboard+Extension.swift */; };
		74E9475B264C087D00AFB046 /* UIScreen+Extension.swift in Sources */ = {isa = PBXBuildFile; fileRef = 74E94749264C087D00AFB046 /* UIScreen+Extension.swift */; };
		74E9475C264C087D00AFB046 /* UICollectionView+Extension.swift in Sources */ = {isa = PBXBuildFile; fileRef = 74E9474A264C087D00AFB046 /* UICollectionView+Extension.swift */; };
		74E9475D264C087D00AFB046 /* UITableView+Extension.swift in Sources */ = {isa = PBXBuildFile; fileRef = 74E9474B264C087D00AFB046 /* UITableView+Extension.swift */; };
		74E9475F264C087D00AFB046 /* JGProgressHUDWrapper.swift in Sources */ = {isa = PBXBuildFile; fileRef = 74E9474E264C087D00AFB046 /* JGProgressHUDWrapper.swift */; };
		74E94760264C087D00AFB046 /* MJRefreshWrapper.swift in Sources */ = {isa = PBXBuildFile; fileRef = 74E9474F264C087D00AFB046 /* MJRefreshWrapper.swift */; };
		74E94761264C087D00AFB046 /* KingFisherWrapper.swift in Sources */ = {isa = PBXBuildFile; fileRef = 74E94750264C087D00AFB046 /* KingFisherWrapper.swift */; };
/* End PBXBuildFile section */

/* Begin PBXFileReference section */
		741FAC7E264CD77200D5C34B /* Base */ = {isa = PBXFileReference; lastKnownFileType = file.storyboard; name = Base; path = Base.lproj/ChatRoomPage.storyboard; sourceTree = "<group>"; };
		741FAC80264CD77200D5C34B /* Base */ = {isa = PBXFileReference; lastKnownFileType = file.storyboard; name = Base; path = Base.lproj/AccountPage.storyboard; sourceTree = "<group>"; };
		741FAC82264CD77200D5C34B /* Base */ = {isa = PBXFileReference; lastKnownFileType = file.storyboard; name = Base; path = Base.lproj/HomePage.storyboard; sourceTree = "<group>"; };
		741FAC84264CD77200D5C34B /* Base */ = {isa = PBXFileReference; lastKnownFileType = file.storyboard; name = Base; path = Base.lproj/CalendarPage.storyboard; sourceTree = "<group>"; };
		745147C9264CDE8000172419 /* ServiceTableViewCell.swift */ = {isa = PBXFileReference; fileEncoding = 4; lastKnownFileType = sourcecode.swift; path = ServiceTableViewCell.swift; sourceTree = "<group>"; };
		745147CC264CE03100172419 /* ServiceViewModel.swift */ = {isa = PBXFileReference; lastKnownFileType = sourcecode.swift; path = ServiceViewModel.swift; sourceTree = "<group>"; };
		745147D1264CEF0000172419 /* Service.swift */ = {isa = PBXFileReference; lastKnownFileType = sourcecode.swift; path = Service.swift; sourceTree = "<group>"; };
		745147D4264CF76E00172419 /* AccountPageViewController.swift */ = {isa = PBXFileReference; lastKnownFileType = sourcecode.swift; path = AccountPageViewController.swift; sourceTree = "<group>"; };
		745147DD264D381800172419 /* ChatRoomViewModel.swift */ = {isa = PBXFileReference; lastKnownFileType = sourcecode.swift; path = ChatRoomViewModel.swift; sourceTree = "<group>"; };
		745147DF264D386700172419 /* ChatRoom.swift */ = {isa = PBXFileReference; lastKnownFileType = sourcecode.swift; path = ChatRoom.swift; sourceTree = "<group>"; };
		745147E1264D389D00172419 /* Message.swift */ = {isa = PBXFileReference; lastKnownFileType = sourcecode.swift; path = Message.swift; sourceTree = "<group>"; };
		745147E3264D3CF400172419 /* ChatRoomPageViewModel.swift */ = {isa = PBXFileReference; lastKnownFileType = sourcecode.swift; path = ChatRoomPageViewModel.swift; sourceTree = "<group>"; };
		745147E5264D3F5E00172419 /* ChatRoomPageViewController.swift */ = {isa = PBXFileReference; lastKnownFileType = sourcecode.swift; path = ChatRoomPageViewController.swift; sourceTree = "<group>"; };
		745147E7264D431000172419 /* ChatRoomTableViewCell.swift */ = {isa = PBXFileReference; lastKnownFileType = sourcecode.swift; path = ChatRoomTableViewCell.swift; sourceTree = "<group>"; };
		745147EA264D510400172419 /* GoogleService-Info.plist */ = {isa = PBXFileReference; lastKnownFileType = text.plist.xml; path = "GoogleService-Info.plist"; sourceTree = "<group>"; };
		74C23762264BB5FE001BF47A /* eCommunicationBook.app */ = {isa = PBXFileReference; explicitFileType = wrapper.application; includeInIndex = 0; path = eCommunicationBook.app; sourceTree = BUILT_PRODUCTS_DIR; };
		74C23765264BB5FE001BF47A /* AppDelegate.swift */ = {isa = PBXFileReference; lastKnownFileType = sourcecode.swift; path = AppDelegate.swift; sourceTree = "<group>"; };
		74C23767264BB5FE001BF47A /* SceneDelegate.swift */ = {isa = PBXFileReference; lastKnownFileType = sourcecode.swift; path = SceneDelegate.swift; sourceTree = "<group>"; };
		74C23769264BB5FE001BF47A /* ViewController.swift */ = {isa = PBXFileReference; lastKnownFileType = sourcecode.swift; path = ViewController.swift; sourceTree = "<group>"; };
		74C2376C264BB5FE001BF47A /* Base */ = {isa = PBXFileReference; lastKnownFileType = file.storyboard; name = Base; path = Base.lproj/Main.storyboard; sourceTree = "<group>"; };
		74C2376E264BB5FF001BF47A /* Assets.xcassets */ = {isa = PBXFileReference; lastKnownFileType = folder.assetcatalog; path = Assets.xcassets; sourceTree = "<group>"; };
		74C23771264BB5FF001BF47A /* Base */ = {isa = PBXFileReference; lastKnownFileType = file.storyboard; name = Base; path = Base.lproj/LaunchScreen.storyboard; sourceTree = "<group>"; };
		74C23773264BB5FF001BF47A /* Info.plist */ = {isa = PBXFileReference; lastKnownFileType = text.plist.xml; path = Info.plist; sourceTree = "<group>"; };
		74E94729264BE09500AFB046 /* UserManager.swift */ = {isa = PBXFileReference; fileEncoding = 4; lastKnownFileType = sourcecode.swift; path = UserManager.swift; sourceTree = "<group>"; };
		74E9472A264BE09500AFB046 /* XXXManager.swift */ = {isa = PBXFileReference; fileEncoding = 4; lastKnownFileType = sourcecode.swift; path = XXXManager.swift; sourceTree = "<group>"; };
		74E9472C264BE09500AFB046 /* Author.swift */ = {isa = PBXFileReference; fileEncoding = 4; lastKnownFileType = sourcecode.swift; path = Author.swift; sourceTree = "<group>"; };
		74E9472D264BE09500AFB046 /* Article.swift */ = {isa = PBXFileReference; fileEncoding = 4; lastKnownFileType = sourcecode.swift; path = Article.swift; sourceTree = "<group>"; };
		74E94731264BE09500AFB046 /* DateHelper.swift */ = {isa = PBXFileReference; fileEncoding = 4; lastKnownFileType = sourcecode.swift; name = DateHelper.swift; path = ../Helper/DateHelper.swift; sourceTree = "<group>"; };
		74E94733264BE09500AFB046 /* Box.swift */ = {isa = PBXFileReference; fileEncoding = 4; lastKnownFileType = sourcecode.swift; path = Box.swift; sourceTree = "<group>"; };
		74E94734264BE09500AFB046 /* PaddingableUILabel.swift */ = {isa = PBXFileReference; fileEncoding = 4; lastKnownFileType = sourcecode.swift; path = PaddingableUILabel.swift; sourceTree = "<group>"; };
		74E9473F264C087D00AFB046 /* UIFont+Extension.swift */ = {isa = PBXFileReference; fileEncoding = 4; lastKnownFileType = sourcecode.swift; path = "UIFont+Extension.swift"; sourceTree = "<group>"; };
		74E94740264C087D00AFB046 /* UIColor+Extension.swift */ = {isa = PBXFileReference; fileEncoding = 4; lastKnownFileType = sourcecode.swift; path = "UIColor+Extension.swift"; sourceTree = "<group>"; };
		74E94741264C087D00AFB046 /* Int+Extension.swift */ = {isa = PBXFileReference; fileEncoding = 4; lastKnownFileType = sourcecode.swift; path = "Int+Extension.swift"; sourceTree = "<group>"; };
		74E94743264C087D00AFB046 /* UIView+Extension.swift */ = {isa = PBXFileReference; fileEncoding = 4; lastKnownFileType = sourcecode.swift; path = "UIView+Extension.swift"; sourceTree = "<group>"; };
		74E94744264C087D00AFB046 /* UIImage+Extension.swift */ = {isa = PBXFileReference; fileEncoding = 4; lastKnownFileType = sourcecode.swift; path = "UIImage+Extension.swift"; sourceTree = "<group>"; };
		74E94745264C087D00AFB046 /* Bundle+Extension.swift */ = {isa = PBXFileReference; fileEncoding = 4; lastKnownFileType = sourcecode.swift; path = "Bundle+Extension.swift"; sourceTree = "<group>"; };
		74E94747264C087D00AFB046 /* String+Extension.swift */ = {isa = PBXFileReference; fileEncoding = 4; lastKnownFileType = sourcecode.swift; path = "String+Extension.swift"; sourceTree = "<group>"; };
		74E94748264C087D00AFB046 /* UIStoryboard+Extension.swift */ = {isa = PBXFileReference; fileEncoding = 4; lastKnownFileType = sourcecode.swift; path = "UIStoryboard+Extension.swift"; sourceTree = "<group>"; };
		74E94749264C087D00AFB046 /* UIScreen+Extension.swift */ = {isa = PBXFileReference; fileEncoding = 4; lastKnownFileType = sourcecode.swift; path = "UIScreen+Extension.swift"; sourceTree = "<group>"; };
		74E9474A264C087D00AFB046 /* UICollectionView+Extension.swift */ = {isa = PBXFileReference; fileEncoding = 4; lastKnownFileType = sourcecode.swift; path = "UICollectionView+Extension.swift"; sourceTree = "<group>"; };
		74E9474B264C087D00AFB046 /* UITableView+Extension.swift */ = {isa = PBXFileReference; fileEncoding = 4; lastKnownFileType = sourcecode.swift; path = "UITableView+Extension.swift"; sourceTree = "<group>"; };
		74E9474E264C087D00AFB046 /* JGProgressHUDWrapper.swift */ = {isa = PBXFileReference; fileEncoding = 4; lastKnownFileType = sourcecode.swift; path = JGProgressHUDWrapper.swift; sourceTree = "<group>"; };
		74E9474F264C087D00AFB046 /* MJRefreshWrapper.swift */ = {isa = PBXFileReference; fileEncoding = 4; lastKnownFileType = sourcecode.swift; path = MJRefreshWrapper.swift; sourceTree = "<group>"; };
		74E94750264C087D00AFB046 /* KingFisherWrapper.swift */ = {isa = PBXFileReference; fileEncoding = 4; lastKnownFileType = sourcecode.swift; path = KingFisherWrapper.swift; sourceTree = "<group>"; };
		CD9B88A5E13D6C0F367FA6EE /* Pods_eCommunicationBook.framework */ = {isa = PBXFileReference; explicitFileType = wrapper.framework; includeInIndex = 0; path = Pods_eCommunicationBook.framework; sourceTree = BUILT_PRODUCTS_DIR; };
		F82B795049493B3535CF42C7 /* Pods-eCommunicationBook.debug.xcconfig */ = {isa = PBXFileReference; includeInIndex = 1; lastKnownFileType = text.xcconfig; name = "Pods-eCommunicationBook.debug.xcconfig"; path = "Target Support Files/Pods-eCommunicationBook/Pods-eCommunicationBook.debug.xcconfig"; sourceTree = "<group>"; };
		FA467E1109215E23DACF5C32 /* Pods-eCommunicationBook.release.xcconfig */ = {isa = PBXFileReference; includeInIndex = 1; lastKnownFileType = text.xcconfig; name = "Pods-eCommunicationBook.release.xcconfig"; path = "Target Support Files/Pods-eCommunicationBook/Pods-eCommunicationBook.release.xcconfig"; sourceTree = "<group>"; };
/* End PBXFileReference section */

/* Begin PBXFrameworksBuildPhase section */
		74C2375F264BB5FE001BF47A /* Frameworks */ = {
			isa = PBXFrameworksBuildPhase;
			buildActionMask = 2147483647;
			files = (
				6922503B8ADC0F9B96D5D3AF /* Pods_eCommunicationBook.framework in Frameworks */,
			);
			runOnlyForDeploymentPostprocessing = 0;
		};
/* End PBXFrameworksBuildPhase section */

/* Begin PBXGroup section */
		745147CB264CDE9A00172419 /* AccountPage */ = {
			isa = PBXGroup;
			children = (
				745147C9264CDE8000172419 /* ServiceTableViewCell.swift */,
				741FAC7F264CD77200D5C34B /* AccountPage.storyboard */,
			);
			path = AccountPage;
			sourceTree = "<group>";
		};
		745147CE264CE03B00172419 /* ViewModel */ = {
			isa = PBXGroup;
			children = (
				745147CC264CE03100172419 /* ServiceViewModel.swift */,
				745147E3264D3CF400172419 /* ChatRoomPageViewModel.swift */,
				745147DD264D381800172419 /* ChatRoomViewModel.swift */,
			);
			path = ViewModel;
			sourceTree = "<group>";
		};
		745147D6264CF77300172419 /* ViewController */ = {
			isa = PBXGroup;
			children = (
				745147E5264D3F5E00172419 /* ChatRoomPageViewController.swift */,
				745147D4264CF76E00172419 /* AccountPageViewController.swift */,
			);
			path = ViewController;
			sourceTree = "<group>";
		};
		745147E9264D46C100172419 /* ChatRoomPage */ = {
			isa = PBXGroup;
			children = (
				741FAC7D264CD77200D5C34B /* ChatRoomPage.storyboard */,
				745147E7264D431000172419 /* ChatRoomTableViewCell.swift */,
			);
			path = ChatRoomPage;
			sourceTree = "<group>";
		};
		74C23759264BB5FE001BF47A = {
			isa = PBXGroup;
			children = (
				74C23764264BB5FE001BF47A /* eCommunicationBook */,
				74C23763264BB5FE001BF47A /* Products */,
				9EB83724CFD3F3625223435C /* Pods */,
				DD3ED54729E2A0604C2A599E /* Frameworks */,
			);
			sourceTree = "<group>";
		};
		74C23763264BB5FE001BF47A /* Products */ = {
			isa = PBXGroup;
			children = (
				74C23762264BB5FE001BF47A /* eCommunicationBook.app */,
			);
			name = Products;
			sourceTree = "<group>";
		};
		74C23764264BB5FE001BF47A /* eCommunicationBook */ = {
			isa = PBXGroup;
			children = (
				74E94728264BE09500AFB046 /* Network */,
				74E94732264BE09500AFB046 /* Util */,
				74C23765264BB5FE001BF47A /* AppDelegate.swift */,
				74C23767264BB5FE001BF47A /* SceneDelegate.swift */,
				74C23769264BB5FE001BF47A /* ViewController.swift */,
				74E9474D264C087D00AFB046 /* Third Party Wrapper */,
				74E9473E264C087D00AFB046 /* Extension */,
				74E9472B264BE09500AFB046 /* Model */,
				745147CE264CE03B00172419 /* ViewModel */,
				745147D6264CF77300172419 /* ViewController */,
				74E94763264CCA3F00AFB046 /* View */,
				74C2376E264BB5FF001BF47A /* Assets.xcassets */,
				745147EA264D510400172419 /* GoogleService-Info.plist */,
				74C23770264BB5FF001BF47A /* LaunchScreen.storyboard */,
				74C23773264BB5FF001BF47A /* Info.plist */,
			);
			path = eCommunicationBook;
			sourceTree = "<group>";
		};
		74E94728264BE09500AFB046 /* Network */ = {
			isa = PBXGroup;
			children = (
				74E9472A264BE09500AFB046 /* XXXManager.swift */,
				74E94729264BE09500AFB046 /* UserManager.swift */,
			);
			path = Network;
			sourceTree = "<group>";
		};
		74E9472B264BE09500AFB046 /* Model */ = {
			isa = PBXGroup;
			children = (
				74E9472C264BE09500AFB046 /* Author.swift */,
				74E9472D264BE09500AFB046 /* Article.swift */,
				745147D1264CEF0000172419 /* Service.swift */,
				745147DF264D386700172419 /* ChatRoom.swift */,
				745147E1264D389D00172419 /* Message.swift */,
			);
			path = Model;
			sourceTree = "<group>";
		};
		74E94732264BE09500AFB046 /* Util */ = {
			isa = PBXGroup;
			children = (
				74E94733264BE09500AFB046 /* Box.swift */,
				74E94734264BE09500AFB046 /* PaddingableUILabel.swift */,
			);
			path = Util;
			sourceTree = "<group>";
		};
		74E9473E264C087D00AFB046 /* Extension */ = {
			isa = PBXGroup;
			children = (
				74E94749264C087D00AFB046 /* UIScreen+Extension.swift */,
				74E94731264BE09500AFB046 /* DateHelper.swift */,
				74E94740264C087D00AFB046 /* UIColor+Extension.swift */,
				74E9473F264C087D00AFB046 /* UIFont+Extension.swift */,
				74E94741264C087D00AFB046 /* Int+Extension.swift */,
				74E94743264C087D00AFB046 /* UIView+Extension.swift */,
				74E94744264C087D00AFB046 /* UIImage+Extension.swift */,
				74E94747264C087D00AFB046 /* String+Extension.swift */,
				74E94748264C087D00AFB046 /* UIStoryboard+Extension.swift */,
				74E9474A264C087D00AFB046 /* UICollectionView+Extension.swift */,
				74E9474B264C087D00AFB046 /* UITableView+Extension.swift */,
				74E94745264C087D00AFB046 /* Bundle+Extension.swift */,
			);
			path = Extension;
			sourceTree = "<group>";
		};
		74E9474D264C087D00AFB046 /* Third Party Wrapper */ = {
			isa = PBXGroup;
			children = (
				74E9474E264C087D00AFB046 /* JGProgressHUDWrapper.swift */,
				74E9474F264C087D00AFB046 /* MJRefreshWrapper.swift */,
				74E94750264C087D00AFB046 /* KingFisherWrapper.swift */,
			);
			path = "Third Party Wrapper";
			sourceTree = "<group>";
		};
		74E94763264CCA3F00AFB046 /* View */ = {
			isa = PBXGroup;
			children = (
				745147E9264D46C100172419 /* ChatRoomPage */,
				745147CB264CDE9A00172419 /* AccountPage */,
				74C2376B264BB5FE001BF47A /* Main.storyboard */,
				741FAC81264CD77200D5C34B /* HomePage.storyboard */,
				741FAC83264CD77200D5C34B /* CalendarPage.storyboard */,
			);
			path = View;
			sourceTree = "<group>";
		};
		9EB83724CFD3F3625223435C /* Pods */ = {
			isa = PBXGroup;
			children = (
				F82B795049493B3535CF42C7 /* Pods-eCommunicationBook.debug.xcconfig */,
				FA467E1109215E23DACF5C32 /* Pods-eCommunicationBook.release.xcconfig */,
			);
			path = Pods;
			sourceTree = "<group>";
		};
		DD3ED54729E2A0604C2A599E /* Frameworks */ = {
			isa = PBXGroup;
			children = (
				CD9B88A5E13D6C0F367FA6EE /* Pods_eCommunicationBook.framework */,
			);
			name = Frameworks;
			sourceTree = "<group>";
		};
/* End PBXGroup section */

/* Begin PBXNativeTarget section */
		74C23761264BB5FE001BF47A /* eCommunicationBook */ = {
			isa = PBXNativeTarget;
			buildConfigurationList = 74C23776264BB5FF001BF47A /* Build configuration list for PBXNativeTarget "eCommunicationBook" */;
			buildPhases = (
				EFBA9259E8F420A07D740AFC /* [CP] Check Pods Manifest.lock */,
				74C2375E264BB5FE001BF47A /* Sources */,
				74C2375F264BB5FE001BF47A /* Frameworks */,
				74C23760264BB5FE001BF47A /* Resources */,
				D4B88B04816EF0C6DEE25209 /* [CP] Embed Pods Frameworks */,
				741FF1EE264BC17700551011 /* ShellScript */,
			);
			buildRules = (
			);
			dependencies = (
			);
			name = eCommunicationBook;
			productName = eCommunicationBook;
			productReference = 74C23762264BB5FE001BF47A /* eCommunicationBook.app */;
			productType = "com.apple.product-type.application";
		};
/* End PBXNativeTarget section */

/* Begin PBXProject section */
		74C2375A264BB5FE001BF47A /* Project object */ = {
			isa = PBXProject;
			attributes = {
				LastSwiftUpdateCheck = 1170;
				LastUpgradeCheck = 1170;
				ORGANIZATIONNAME = "TKY co.";
				TargetAttributes = {
					74C23761264BB5FE001BF47A = {
						CreatedOnToolsVersion = 11.7;
					};
				};
			};
			buildConfigurationList = 74C2375D264BB5FE001BF47A /* Build configuration list for PBXProject "eCommunicationBook" */;
			compatibilityVersion = "Xcode 9.3";
			developmentRegion = en;
			hasScannedForEncodings = 0;
			knownRegions = (
				en,
				Base,
			);
			mainGroup = 74C23759264BB5FE001BF47A;
			productRefGroup = 74C23763264BB5FE001BF47A /* Products */;
			projectDirPath = "";
			projectRoot = "";
			targets = (
				74C23761264BB5FE001BF47A /* eCommunicationBook */,
			);
		};
/* End PBXProject section */

/* Begin PBXResourcesBuildPhase section */
		74C23760264BB5FE001BF47A /* Resources */ = {
			isa = PBXResourcesBuildPhase;
			buildActionMask = 2147483647;
			files = (
				741FAC86264CD77200D5C34B /* AccountPage.storyboard in Resources */,
				741FAC88264CD77200D5C34B /* CalendarPage.storyboard in Resources */,
				745147EC264D56EE00172419 /* GoogleService-Info.plist in Resources */,
				741FAC85264CD77200D5C34B /* ChatRoomPage.storyboard in Resources */,
				741FAC87264CD77200D5C34B /* HomePage.storyboard in Resources */,
				74C23772264BB5FF001BF47A /* LaunchScreen.storyboard in Resources */,
				74C2376F264BB5FF001BF47A /* Assets.xcassets in Resources */,
				74C2376D264BB5FE001BF47A /* Main.storyboard in Resources */,
			);
			runOnlyForDeploymentPostprocessing = 0;
		};
/* End PBXResourcesBuildPhase section */

/* Begin PBXShellScriptBuildPhase section */
		741FF1EE264BC17700551011 /* ShellScript */ = {
			isa = PBXShellScriptBuildPhase;
			buildActionMask = 12;
			files = (
			);
			inputFileListPaths = (
			);
			inputPaths = (
			);
			outputFileListPaths = (
			);
			outputPaths = (
			);
			runOnlyForDeploymentPostprocessing = 0;
			shellPath = /bin/sh;
			shellScript = "# Type a script or drag a script file from your workspace to insert its path.\n\"${PODS_ROOT}/SwiftLint/swiftlint\"\n";
		};
		D4B88B04816EF0C6DEE25209 /* [CP] Embed Pods Frameworks */ = {
			isa = PBXShellScriptBuildPhase;
			buildActionMask = 2147483647;
			files = (
			);
			inputFileListPaths = (
				"${PODS_ROOT}/Target Support Files/Pods-eCommunicationBook/Pods-eCommunicationBook-frameworks-${CONFIGURATION}-input-files.xcfilelist",
			);
			name = "[CP] Embed Pods Frameworks";
			outputFileListPaths = (
				"${PODS_ROOT}/Target Support Files/Pods-eCommunicationBook/Pods-eCommunicationBook-frameworks-${CONFIGURATION}-output-files.xcfilelist",
			);
			runOnlyForDeploymentPostprocessing = 0;
			shellPath = /bin/sh;
			shellScript = "\"${PODS_ROOT}/Target Support Files/Pods-eCommunicationBook/Pods-eCommunicationBook-frameworks.sh\"\n";
			showEnvVarsInLog = 0;
		};
		EFBA9259E8F420A07D740AFC /* [CP] Check Pods Manifest.lock */ = {
			isa = PBXShellScriptBuildPhase;
			buildActionMask = 2147483647;
			files = (
			);
			inputFileListPaths = (
			);
			inputPaths = (
				"${PODS_PODFILE_DIR_PATH}/Podfile.lock",
				"${PODS_ROOT}/Manifest.lock",
			);
			name = "[CP] Check Pods Manifest.lock";
			outputFileListPaths = (
			);
			outputPaths = (
				"$(DERIVED_FILE_DIR)/Pods-eCommunicationBook-checkManifestLockResult.txt",
			);
			runOnlyForDeploymentPostprocessing = 0;
			shellPath = /bin/sh;
			shellScript = "diff \"${PODS_PODFILE_DIR_PATH}/Podfile.lock\" \"${PODS_ROOT}/Manifest.lock\" > /dev/null\nif [ $? != 0 ] ; then\n    # print error to STDERR\n    echo \"error: The sandbox is not in sync with the Podfile.lock. Run 'pod install' or update your CocoaPods installation.\" >&2\n    exit 1\nfi\n# This output is used by Xcode 'outputs' to avoid re-running this script phase.\necho \"SUCCESS\" > \"${SCRIPT_OUTPUT_FILE_0}\"\n";
			showEnvVarsInLog = 0;
		};
/* End PBXShellScriptBuildPhase section */

/* Begin PBXSourcesBuildPhase section */
		74C2375E264BB5FE001BF47A /* Sources */ = {
			isa = PBXSourcesBuildPhase;
			buildActionMask = 2147483647;
			files = (
				74E94760264C087D00AFB046 /* MJRefreshWrapper.swift in Sources */,
				74E9475C264C087D00AFB046 /* UICollectionView+Extension.swift in Sources */,
				745147D5264CF76E00172419 /* AccountPageViewController.swift in Sources */,
				745147CA264CDE8000172419 /* ServiceTableViewCell.swift in Sources */,
				74E94753264C087D00AFB046 /* Int+Extension.swift in Sources */,
				74E94759264C087D00AFB046 /* String+Extension.swift in Sources */,
				745147D2264CEF0000172419 /* Service.swift in Sources */,
				74E94761264C087D00AFB046 /* KingFisherWrapper.swift in Sources */,
				745147E8264D431000172419 /* ChatRoomTableViewCell.swift in Sources */,
				74E94738264BE09500AFB046 /* Article.swift in Sources */,
				74E94737264BE09500AFB046 /* Author.swift in Sources */,
				74E94756264C087D00AFB046 /* UIImage+Extension.swift in Sources */,
				74C2376A264BB5FE001BF47A /* ViewController.swift in Sources */,
				74E9473D264BE09500AFB046 /* PaddingableUILabel.swift in Sources */,
				74C23766264BB5FE001BF47A /* AppDelegate.swift in Sources */,
				74E94755264C087D00AFB046 /* UIView+Extension.swift in Sources */,
				74E9473C264BE09500AFB046 /* Box.swift in Sources */,
				74E9475A264C087D00AFB046 /* UIStoryboard+Extension.swift in Sources */,
				74E94752264C087D00AFB046 /* UIColor+Extension.swift in Sources */,
				745147E0264D386700172419 /* ChatRoom.swift in Sources */,
				74E9473B264BE09500AFB046 /* DateHelper.swift in Sources */,
				745147E2264D389D00172419 /* Message.swift in Sources */,
				745147CD264CE03200172419 /* ServiceViewModel.swift in Sources */,
				74E9475F264C087D00AFB046 /* JGProgressHUDWrapper.swift in Sources */,
				74E94735264BE09500AFB046 /* UserManager.swift in Sources */,
				74E9475D264C087D00AFB046 /* UITableView+Extension.swift in Sources */,
				74C23768264BB5FE001BF47A /* SceneDelegate.swift in Sources */,
				74E94751264C087D00AFB046 /* UIFont+Extension.swift in Sources */,
				74E9475B264C087D00AFB046 /* UIScreen+Extension.swift in Sources */,
				745147E4264D3CF400172419 /* ChatRoomPageViewModel.swift in Sources */,
				745147DE264D381800172419 /* ChatRoomViewModel.swift in Sources */,
				74E94736264BE09500AFB046 /* XXXManager.swift in Sources */,
				74E94757264C087D00AFB046 /* Bundle+Extension.swift in Sources */,
				745147E6264D3F5E00172419 /* ChatRoomPageViewController.swift in Sources */,
			);
			runOnlyForDeploymentPostprocessing = 0;
		};
/* End PBXSourcesBuildPhase section */

/* Begin PBXVariantGroup section */
		741FAC7D264CD77200D5C34B /* ChatRoomPage.storyboard */ = {
			isa = PBXVariantGroup;
			children = (
				741FAC7E264CD77200D5C34B /* Base */,
			);
			name = ChatRoomPage.storyboard;
			sourceTree = "<group>";
		};
		741FAC7F264CD77200D5C34B /* AccountPage.storyboard */ = {
			isa = PBXVariantGroup;
			children = (
				741FAC80264CD77200D5C34B /* Base */,
			);
			name = AccountPage.storyboard;
			sourceTree = "<group>";
		};
		741FAC81264CD77200D5C34B /* HomePage.storyboard */ = {
			isa = PBXVariantGroup;
			children = (
				741FAC82264CD77200D5C34B /* Base */,
			);
			name = HomePage.storyboard;
			sourceTree = "<group>";
		};
		741FAC83264CD77200D5C34B /* CalendarPage.storyboard */ = {
			isa = PBXVariantGroup;
			children = (
				741FAC84264CD77200D5C34B /* Base */,
			);
			name = CalendarPage.storyboard;
			sourceTree = "<group>";
		};
		74C2376B264BB5FE001BF47A /* Main.storyboard */ = {
			isa = PBXVariantGroup;
			children = (
				74C2376C264BB5FE001BF47A /* Base */,
			);
			name = Main.storyboard;
			sourceTree = "<group>";
		};
		74C23770264BB5FF001BF47A /* LaunchScreen.storyboard */ = {
			isa = PBXVariantGroup;
			children = (
				74C23771264BB5FF001BF47A /* Base */,
			);
			name = LaunchScreen.storyboard;
			sourceTree = "<group>";
		};
/* End PBXVariantGroup section */

/* Begin XCBuildConfiguration section */
		74C23774264BB5FF001BF47A /* Debug */ = {
			isa = XCBuildConfiguration;
			buildSettings = {
				ALWAYS_SEARCH_USER_PATHS = NO;
				CLANG_ANALYZER_NONNULL = YES;
				CLANG_ANALYZER_NUMBER_OBJECT_CONVERSION = YES_AGGRESSIVE;
				CLANG_CXX_LANGUAGE_STANDARD = "gnu++14";
				CLANG_CXX_LIBRARY = "libc++";
				CLANG_ENABLE_MODULES = YES;
				CLANG_ENABLE_OBJC_ARC = YES;
				CLANG_ENABLE_OBJC_WEAK = YES;
				CLANG_WARN_BLOCK_CAPTURE_AUTORELEASING = YES;
				CLANG_WARN_BOOL_CONVERSION = YES;
				CLANG_WARN_COMMA = YES;
				CLANG_WARN_CONSTANT_CONVERSION = YES;
				CLANG_WARN_DEPRECATED_OBJC_IMPLEMENTATIONS = YES;
				CLANG_WARN_DIRECT_OBJC_ISA_USAGE = YES_ERROR;
				CLANG_WARN_DOCUMENTATION_COMMENTS = YES;
				CLANG_WARN_EMPTY_BODY = YES;
				CLANG_WARN_ENUM_CONVERSION = YES;
				CLANG_WARN_INFINITE_RECURSION = YES;
				CLANG_WARN_INT_CONVERSION = YES;
				CLANG_WARN_NON_LITERAL_NULL_CONVERSION = YES;
				CLANG_WARN_OBJC_IMPLICIT_RETAIN_SELF = YES;
				CLANG_WARN_OBJC_LITERAL_CONVERSION = YES;
				CLANG_WARN_OBJC_ROOT_CLASS = YES_ERROR;
				CLANG_WARN_RANGE_LOOP_ANALYSIS = YES;
				CLANG_WARN_STRICT_PROTOTYPES = YES;
				CLANG_WARN_SUSPICIOUS_MOVE = YES;
				CLANG_WARN_UNGUARDED_AVAILABILITY = YES_AGGRESSIVE;
				CLANG_WARN_UNREACHABLE_CODE = YES;
				CLANG_WARN__DUPLICATE_METHOD_MATCH = YES;
				COPY_PHASE_STRIP = NO;
				DEBUG_INFORMATION_FORMAT = dwarf;
				ENABLE_STRICT_OBJC_MSGSEND = YES;
				ENABLE_TESTABILITY = YES;
				GCC_C_LANGUAGE_STANDARD = gnu11;
				GCC_DYNAMIC_NO_PIC = NO;
				GCC_NO_COMMON_BLOCKS = YES;
				GCC_OPTIMIZATION_LEVEL = 0;
				GCC_PREPROCESSOR_DEFINITIONS = (
					"DEBUG=1",
					"$(inherited)",
				);
				GCC_WARN_64_TO_32_BIT_CONVERSION = YES;
				GCC_WARN_ABOUT_RETURN_TYPE = YES_ERROR;
				GCC_WARN_UNDECLARED_SELECTOR = YES;
				GCC_WARN_UNINITIALIZED_AUTOS = YES_AGGRESSIVE;
				GCC_WARN_UNUSED_FUNCTION = YES;
				GCC_WARN_UNUSED_VARIABLE = YES;
				IPHONEOS_DEPLOYMENT_TARGET = 13.7;
				MTL_ENABLE_DEBUG_INFO = INCLUDE_SOURCE;
				MTL_FAST_MATH = YES;
				ONLY_ACTIVE_ARCH = YES;
				SDKROOT = iphoneos;
				SWIFT_ACTIVE_COMPILATION_CONDITIONS = DEBUG;
				SWIFT_OPTIMIZATION_LEVEL = "-Onone";
			};
			name = Debug;
		};
		74C23775264BB5FF001BF47A /* Release */ = {
			isa = XCBuildConfiguration;
			buildSettings = {
				ALWAYS_SEARCH_USER_PATHS = NO;
				CLANG_ANALYZER_NONNULL = YES;
				CLANG_ANALYZER_NUMBER_OBJECT_CONVERSION = YES_AGGRESSIVE;
				CLANG_CXX_LANGUAGE_STANDARD = "gnu++14";
				CLANG_CXX_LIBRARY = "libc++";
				CLANG_ENABLE_MODULES = YES;
				CLANG_ENABLE_OBJC_ARC = YES;
				CLANG_ENABLE_OBJC_WEAK = YES;
				CLANG_WARN_BLOCK_CAPTURE_AUTORELEASING = YES;
				CLANG_WARN_BOOL_CONVERSION = YES;
				CLANG_WARN_COMMA = YES;
				CLANG_WARN_CONSTANT_CONVERSION = YES;
				CLANG_WARN_DEPRECATED_OBJC_IMPLEMENTATIONS = YES;
				CLANG_WARN_DIRECT_OBJC_ISA_USAGE = YES_ERROR;
				CLANG_WARN_DOCUMENTATION_COMMENTS = YES;
				CLANG_WARN_EMPTY_BODY = YES;
				CLANG_WARN_ENUM_CONVERSION = YES;
				CLANG_WARN_INFINITE_RECURSION = YES;
				CLANG_WARN_INT_CONVERSION = YES;
				CLANG_WARN_NON_LITERAL_NULL_CONVERSION = YES;
				CLANG_WARN_OBJC_IMPLICIT_RETAIN_SELF = YES;
				CLANG_WARN_OBJC_LITERAL_CONVERSION = YES;
				CLANG_WARN_OBJC_ROOT_CLASS = YES_ERROR;
				CLANG_WARN_RANGE_LOOP_ANALYSIS = YES;
				CLANG_WARN_STRICT_PROTOTYPES = YES;
				CLANG_WARN_SUSPICIOUS_MOVE = YES;
				CLANG_WARN_UNGUARDED_AVAILABILITY = YES_AGGRESSIVE;
				CLANG_WARN_UNREACHABLE_CODE = YES;
				CLANG_WARN__DUPLICATE_METHOD_MATCH = YES;
				COPY_PHASE_STRIP = NO;
				DEBUG_INFORMATION_FORMAT = "dwarf-with-dsym";
				ENABLE_NS_ASSERTIONS = NO;
				ENABLE_STRICT_OBJC_MSGSEND = YES;
				GCC_C_LANGUAGE_STANDARD = gnu11;
				GCC_NO_COMMON_BLOCKS = YES;
				GCC_WARN_64_TO_32_BIT_CONVERSION = YES;
				GCC_WARN_ABOUT_RETURN_TYPE = YES_ERROR;
				GCC_WARN_UNDECLARED_SELECTOR = YES;
				GCC_WARN_UNINITIALIZED_AUTOS = YES_AGGRESSIVE;
				GCC_WARN_UNUSED_FUNCTION = YES;
				GCC_WARN_UNUSED_VARIABLE = YES;
				IPHONEOS_DEPLOYMENT_TARGET = 13.7;
				MTL_ENABLE_DEBUG_INFO = NO;
				MTL_FAST_MATH = YES;
				SDKROOT = iphoneos;
				SWIFT_COMPILATION_MODE = wholemodule;
				SWIFT_OPTIMIZATION_LEVEL = "-O";
				VALIDATE_PRODUCT = YES;
			};
			name = Release;
		};
		74C23777264BB5FF001BF47A /* Debug */ = {
			isa = XCBuildConfiguration;
			baseConfigurationReference = F82B795049493B3535CF42C7 /* Pods-eCommunicationBook.debug.xcconfig */;
			buildSettings = {
				ASSETCATALOG_COMPILER_APPICON_NAME = AppIcon;
				CODE_SIGN_STYLE = Automatic;
				DEVELOPMENT_TEAM = ZQVC6PZWTL;
				INFOPLIST_FILE = eCommunicationBook/Info.plist;
				LD_RUNPATH_SEARCH_PATHS = (
					"$(inherited)",
					"@executable_path/Frameworks",
				);
				PRODUCT_BUNDLE_IDENTIFIER = Ben.eCommunicationBook;
				PRODUCT_NAME = "$(TARGET_NAME)";
				SWIFT_VERSION = 5.0;
				TARGETED_DEVICE_FAMILY = "1,2";
			};
			name = Debug;
		};
		74C23778264BB5FF001BF47A /* Release */ = {
			isa = XCBuildConfiguration;
			baseConfigurationReference = FA467E1109215E23DACF5C32 /* Pods-eCommunicationBook.release.xcconfig */;
			buildSettings = {
				ASSETCATALOG_COMPILER_APPICON_NAME = AppIcon;
				CODE_SIGN_STYLE = Automatic;
				DEVELOPMENT_TEAM = ZQVC6PZWTL;
				INFOPLIST_FILE = eCommunicationBook/Info.plist;
				LD_RUNPATH_SEARCH_PATHS = (
					"$(inherited)",
					"@executable_path/Frameworks",
				);
				PRODUCT_BUNDLE_IDENTIFIER = Ben.eCommunicationBook;
				PRODUCT_NAME = "$(TARGET_NAME)";
				SWIFT_VERSION = 5.0;
				TARGETED_DEVICE_FAMILY = "1,2";
			};
			name = Release;
		};
/* End XCBuildConfiguration section */

/* Begin XCConfigurationList section */
		74C2375D264BB5FE001BF47A /* Build configuration list for PBXProject "eCommunicationBook" */ = {
			isa = XCConfigurationList;
			buildConfigurations = (
				74C23774264BB5FF001BF47A /* Debug */,
				74C23775264BB5FF001BF47A /* Release */,
			);
			defaultConfigurationIsVisible = 0;
			defaultConfigurationName = Release;
		};
		74C23776264BB5FF001BF47A /* Build configuration list for PBXNativeTarget "eCommunicationBook" */ = {
			isa = XCConfigurationList;
			buildConfigurations = (
				74C23777264BB5FF001BF47A /* Debug */,
				74C23778264BB5FF001BF47A /* Release */,
			);
			defaultConfigurationIsVisible = 0;
			defaultConfigurationName = Release;
		};
/* End XCConfigurationList section */
	};
	rootObject = 74C2375A264BB5FE001BF47A /* Project object */;
}
